{
  "name": "solidity-mutation",
  "version": "1.0.0",
  "lockfileVersion": 1,
  "requires": true,
  "dependencies": {
    "solidity-parser-antlr": {
      "version": "0.3.1",
      "resolved": "https://registry.npmjs.org/solidity-parser-antlr/-/solidity-parser-antlr-0.3.1.tgz",
      "integrity": "sha512-VShgeAimcWWO/xsuKcRds2wPxse8v5PZAh7kWoqDunMCwHgBHn8jtFV9GaNtnBxY4b71uOrUDovQ0+PTanyHWA=="
    }
  }
}
